
Microsoft Visual Studio Solution File, Format Version 12.00
# Visual Studio Version 16
VisualStudioVersion = 16.0.31321.278
MinimumVisualStudioVersion = 10.0.40219.1
Project("{FAE04EC0-301F-11D3-BF4B-00C04F79EFBC}") = "AdventOfCode", "AdventOfCode\AdventOfCode.csproj", "{08422305-F7CA-4727-A516-35C1BE833791}"
EndProject
Global
	GlobalSection(SolutionConfigurationPlatforms) = preSolution
		Debug|Any CPU = Debug|Any CPU
		Release|Any CPU = Release|Any CPU
	EndGlobalSection
	GlobalSection(ProjectConfigurationPlatforms) = postSolution
		{08422305-F7CA-4727-A516-35C1BE833791}.Debug|Any CPU.ActiveCfg = Debug|Any CPU
		{08422305-F7CA-4727-A516-35C1BE833791}.Debug|Any CPU.Build.0 = Debug|Any CPU
		{08422305-F7CA-4727-A516-35C1BE833791}.Release|Any CPU.ActiveCfg = Release|Any CPU
		{08422305-F7CA-4727-A516-35C1BE833791}.Release|Any CPU.Build.0 = Release|Any CPU
	EndGlobalSection
	GlobalSection(SolutionProperties) = preSolution
		HideSolutionNode = FALSE
	EndGlobalSection
	GlobalSection(ExtensibilityGlobals) = postSolution
		SolutionGuid = {46EA6EA1-9F85-4172-A2A7-ED36249BA5FE}
	EndGlobalSection
EndGlobal
